
Microsoft Visual Studio Solution File, Format Version 10.00
# Visual Studio 2008
Project("{FAE04EC0-301F-11D3-BF4B-00C04F79EFBC}") = "SSharpThreadingLibrary", "SSharpThreadingLibrary\SSharpThreadingLibrary.csproj", "{779FD9FC-526E-47A0-9BB8-AA86F8D75032}"
EndProject
Global
	GlobalSection(SourceCodeControl) = preSolution
		SccNumberOfProjects = 1
		SccProjectUniqueName0 = SSharpThreadingLibrary\\SSharpThreadingLibrary.csproj
		SccProjectName0 = $/S#\u0020Libraries/SSharpThreadingLibrary
		SccLocalPath0 = SSharpThreadingLibrary
		SccProvider0 = MSSCCI:SourceGear\u0020Vault\u0020Professional\u0020Classic\u0020Client
		CanCheckoutShared = false
	EndGlobalSection
	GlobalSection(SolutionConfigurationPlatforms) = preSolution
		Debug|Any CPU = Debug|Any CPU
		Release|Any CPU = Release|Any CPU
	EndGlobalSection
	GlobalSection(ProjectConfigurationPlatforms) = postSolution
		{779FD9FC-526E-47A0-9BB8-AA86F8D75032}.Debug|Any CPU.ActiveCfg = Debug|Any CPU
		{779FD9FC-526E-47A0-9BB8-AA86F8D75032}.Debug|Any CPU.Build.0 = Debug|Any CPU
		{779FD9FC-526E-47A0-9BB8-AA86F8D75032}.Release|Any CPU.ActiveCfg = Release|Any CPU
		{779FD9FC-526E-47A0-9BB8-AA86F8D75032}.Release|Any CPU.Build.0 = Release|Any CPU
	EndGlobalSection
	GlobalSection(SolutionProperties) = preSolution
		HideSolutionNode = FALSE
	EndGlobalSection
EndGlobal
